// !$*UTF8*$!
{
	archiveVersion = 1;
	classes = {
	};
	objectVersion = 56;
	objects = {

/* Begin PBXBuildFile section */
		3A206D9C2BCD13E600ECBABB /* LululemonApp.swift in Sources */ = {isa = PBXBuildFile; fileRef = 3A206D9B2BCD13E600ECBABB /* LululemonApp.swift */; };
		3A206D9E2BCD13E600ECBABB /* ContentView.swift in Sources */ = {isa = PBXBuildFile; fileRef = 3A206D9D2BCD13E600ECBABB /* ContentView.swift */; };
		3A206DA02BCD13E700ECBABB /* Assets.xcassets in Resources */ = {isa = PBXBuildFile; fileRef = 3A206D9F2BCD13E700ECBABB /* Assets.xcassets */; };
		3A206DA32BCD13E700ECBABB /* Preview Assets.xcassets in Resources */ = {isa = PBXBuildFile; fileRef = 3A206DA22BCD13E700ECBABB /* Preview Assets.xcassets */; };
		3A206DAD2BCD13E700ECBABB /* LululemonTests.swift in Sources */ = {isa = PBXBuildFile; fileRef = 3A206DAC2BCD13E700ECBABB /* LululemonTests.swift */; };
		3A206DB72BCD13E700ECBABB /* LululemonUITests.swift in Sources */ = {isa = PBXBuildFile; fileRef = 3A206DB62BCD13E700ECBABB /* LululemonUITests.swift */; };
		3A206DB92BCD13E700ECBABB /* LululemonUITestsLaunchTests.swift in Sources */ = {isa = PBXBuildFile; fileRef = 3A206DB82BCD13E700ECBABB /* LululemonUITestsLaunchTests.swift */; };
		3A206DC82BCD142D00ECBABB /* AddGarmentView.swift in Sources */ = {isa = PBXBuildFile; fileRef = 3A206DC72BCD142D00ECBABB /* AddGarmentView.swift */; };
		3A206DCA2BCD143200ECBABB /* ListSortView.swift in Sources */ = {isa = PBXBuildFile; fileRef = 3A206DC92BCD143200ECBABB /* ListSortView.swift */; };
		3A206DCC2BCD149E00ECBABB /* SortOption.swift in Sources */ = {isa = PBXBuildFile; fileRef = 3A206DCB2BCD149E00ECBABB /* SortOption.swift */; };
		3A206DCF2BCD14B600ECBABB /* Garment.swift in Sources */ = {isa = PBXBuildFile; fileRef = 3A206DCE2BCD14B600ECBABB /* Garment.swift */; };
		3A5F9E742C166922003DC23B /* README.md in Resources */ = {isa = PBXBuildFile; fileRef = 3A5F9E732C166922003DC23B /* README.md */; };
		3A5F9E762C16734E003DC23B /* Localizable.xcstrings in Resources */ = {isa = PBXBuildFile; fileRef = 3A5F9E752C16734E003DC23B /* Localizable.xcstrings */; };
/* End PBXBuildFile section */

/* Begin PBXContainerItemProxy section */
		3A206DA92BCD13E700ECBABB /* PBXContainerItemProxy */ = {
			isa = PBXContainerItemProxy;
			containerPortal = 3A206D902BCD13E600ECBABB /* Project object */;
			proxyType = 1;
			remoteGlobalIDString = 3A206D972BCD13E600ECBABB;
			remoteInfo = Lululemon;
		};
		3A206DB32BCD13E700ECBABB /* PBXContainerItemProxy */ = {
			isa = PBXContainerItemProxy;
			containerPortal = 3A206D902BCD13E600ECBABB /* Project object */;
			proxyType = 1;
			remoteGlobalIDString = 3A206D972BCD13E600ECBABB;
			remoteInfo = Lululemon;
		};
/* End PBXContainerItemProxy section */

/* Begin PBXFileReference section */
		3A206D982BCD13E600ECBABB /* Lululemon.app */ = {isa = PBXFileReference; explicitFileType = wrapper.application; includeInIndex = 0; path = Lululemon.app; sourceTree = BUILT_PRODUCTS_DIR; };
		3A206D9B2BCD13E600ECBABB /* LululemonApp.swift */ = {isa = PBXFileReference; lastKnownFileType = sourcecode.swift; path = LululemonApp.swift; sourceTree = "<group>"; };
		3A206D9D2BCD13E600ECBABB /* ContentView.swift */ = {isa = PBXFileReference; lastKnownFileType = sourcecode.swift; path = ContentView.swift; sourceTree = "<group>"; };
		3A206D9F2BCD13E700ECBABB /* Assets.xcassets */ = {isa = PBXFileReference; lastKnownFileType = folder.assetcatalog; path = Assets.xcassets; sourceTree = "<group>"; };
		3A206DA22BCD13E700ECBABB /* Preview Assets.xcassets */ = {isa = PBXFileReference; lastKnownFileType = folder.assetcatalog; path = "Preview Assets.xcassets"; sourceTree = "<group>"; };
		3A206DA82BCD13E700ECBABB /* LululemonTests.xctest */ = {isa = PBXFileReference; explicitFileType = wrapper.cfbundle; includeInIndex = 0; path = LululemonTests.xctest; sourceTree = BUILT_PRODUCTS_DIR; };
		3A206DAC2BCD13E700ECBABB /* LululemonTests.swift */ = {isa = PBXFileReference; lastKnownFileType = sourcecode.swift; path = LululemonTests.swift; sourceTree = "<group>"; };
		3A206DB22BCD13E700ECBABB /* LululemonUITests.xctest */ = {isa = PBXFileReference; explicitFileType = wrapper.cfbundle; includeInIndex = 0; path = LululemonUITests.xctest; sourceTree = BUILT_PRODUCTS_DIR; };
		3A206DB62BCD13E700ECBABB /* LululemonUITests.swift */ = {isa = PBXFileReference; lastKnownFileType = sourcecode.swift; path = LululemonUITests.swift; sourceTree = "<group>"; };
		3A206DB82BCD13E700ECBABB /* LululemonUITestsLaunchTests.swift */ = {isa = PBXFileReference; lastKnownFileType = sourcecode.swift; path = LululemonUITestsLaunchTests.swift; sourceTree = "<group>"; };
		3A206DC72BCD142D00ECBABB /* AddGarmentView.swift */ = {isa = PBXFileReference; lastKnownFileType = sourcecode.swift; path = AddGarmentView.swift; sourceTree = "<group>"; };
		3A206DC92BCD143200ECBABB /* ListSortView.swift */ = {isa = PBXFileReference; lastKnownFileType = sourcecode.swift; path = ListSortView.swift; sourceTree = "<group>"; };
		3A206DCB2BCD149E00ECBABB /* SortOption.swift */ = {isa = PBXFileReference; lastKnownFileType = sourcecode.swift; path = SortOption.swift; sourceTree = "<group>"; };
		3A206DCE2BCD14B600ECBABB /* Garment.swift */ = {isa = PBXFileReference; lastKnownFileType = sourcecode.swift; path = Garment.swift; sourceTree = "<group>"; };
		3A5F9E732C166922003DC23B /* README.md */ = {isa = PBXFileReference; fileEncoding = 4; lastKnownFileType = net.daringfireball.markdown; path = README.md; sourceTree = SOURCE_ROOT; };
		3A5F9E752C16734E003DC23B /* Localizable.xcstrings */ = {isa = PBXFileReference; lastKnownFileType = text.json.xcstrings; path = Localizable.xcstrings; sourceTree = "<group>"; };
		3A5F9E792C16909F003DC23B /* Lululemon.xctestplan */ = {isa = PBXFileReference; lastKnownFileType = text; path = Lululemon.xctestplan; sourceTree = "<group>"; };
/* End PBXFileReference section */

/* Begin PBXFrameworksBuildPhase section */
		3A206D952BCD13E600ECBABB /* Frameworks */ = {
			isa = PBXFrameworksBuildPhase;
			buildActionMask = 2147483647;
			files = (
			);
			runOnlyForDeploymentPostprocessing = 0;
		};
		3A206DA52BCD13E700ECBABB /* Frameworks */ = {
			isa = PBXFrameworksBuildPhase;
			buildActionMask = 2147483647;
			files = (
			);
			runOnlyForDeploymentPostprocessing = 0;
		};
		3A206DAF2BCD13E700ECBABB /* Frameworks */ = {
			isa = PBXFrameworksBuildPhase;
			buildActionMask = 2147483647;
			files = (
			);
			runOnlyForDeploymentPostprocessing = 0;
		};
/* End PBXFrameworksBuildPhase section */

/* Begin PBXGroup section */
		3A206D8F2BCD13E600ECBABB = {
			isa = PBXGroup;
			children = (
				3A5F9E792C16909F003DC23B /* Lululemon.xctestplan */,
				3A206D9A2BCD13E600ECBABB /* Lululemon */,
				3A206DAB2BCD13E700ECBABB /* LululemonTests */,
				3A206DB52BCD13E700ECBABB /* LululemonUITests */,
				3A206D992BCD13E600ECBABB /* Products */,
			);
			sourceTree = "<group>";
		};
		3A206D992BCD13E600ECBABB /* Products */ = {
			isa = PBXGroup;
			children = (
				3A206D982BCD13E600ECBABB /* Lululemon.app */,
				3A206DA82BCD13E700ECBABB /* LululemonTests.xctest */,
				3A206DB22BCD13E700ECBABB /* LululemonUITests.xctest */,
			);
			name = Products;
			sourceTree = "<group>";
		};
		3A206D9A2BCD13E600ECBABB /* Lululemon */ = {
			isa = PBXGroup;
			children = (
				3A206D9B2BCD13E600ECBABB /* LululemonApp.swift */,
				3A5F9E732C166922003DC23B /* README.md */,
				3A206DC52BCD141700ECBABB /* View */,
				3A206DC62BCD141900ECBABB /* Model */,
				3A206D9F2BCD13E700ECBABB /* Assets.xcassets */,
				3A206DA12BCD13E700ECBABB /* Preview Content */,
				3A5F9E752C16734E003DC23B /* Localizable.xcstrings */,
			);
			path = Lululemon;
			sourceTree = "<group>";
		};
		3A206DA12BCD13E700ECBABB /* Preview Content */ = {
			isa = PBXGroup;
			children = (
				3A206DA22BCD13E700ECBABB /* Preview Assets.xcassets */,
			);
			path = "Preview Content";
			sourceTree = "<group>";
		};
		3A206DAB2BCD13E700ECBABB /* LululemonTests */ = {
			isa = PBXGroup;
			children = (
				3A206DAC2BCD13E700ECBABB /* LululemonTests.swift */,
			);
			path = LululemonTests;
			sourceTree = "<group>";
		};
		3A206DB52BCD13E700ECBABB /* LululemonUITests */ = {
			isa = PBXGroup;
			children = (
				3A206DB62BCD13E700ECBABB /* LululemonUITests.swift */,
				3A206DB82BCD13E700ECBABB /* LululemonUITestsLaunchTests.swift */,
			);
			path = LululemonUITests;
			sourceTree = "<group>";
		};
		3A206DC52BCD141700ECBABB /* View */ = {
			isa = PBXGroup;
			children = (
				3A206D9D2BCD13E600ECBABB /* ContentView.swift */,
				3A206DC92BCD143200ECBABB /* ListSortView.swift */,
				3A206DC72BCD142D00ECBABB /* AddGarmentView.swift */,
				3A206DCD2BCD14A000ECBABB /* Utils */,
			);
			path = View;
			sourceTree = "<group>";
		};
		3A206DC62BCD141900ECBABB /* Model */ = {
			isa = PBXGroup;
			children = (
				3A206DCE2BCD14B600ECBABB /* Garment.swift */,
			);
			path = Model;
			sourceTree = "<group>";
		};
		3A206DCD2BCD14A000ECBABB /* Utils */ = {
			isa = PBXGroup;
			children = (
				3A206DCB2BCD149E00ECBABB /* SortOption.swift */,
			);
			path = Utils;
			sourceTree = "<group>";
		};
/* End PBXGroup section */

/* Begin PBXNativeTarget section */
		3A206D972BCD13E600ECBABB /* Lululemon */ = {
			isa = PBXNativeTarget;
			buildConfigurationList = 3A206DBC2BCD13E700ECBABB /* Build configuration list for PBXNativeTarget "Lululemon" */;
			buildPhases = (
				3A206D942BCD13E600ECBABB /* Sources */,
				3A206D952BCD13E600ECBABB /* Frameworks */,
				3A206D962BCD13E600ECBABB /* Resources */,
			);
			buildRules = (
			);
			dependencies = (
			);
			name = Lululemon;
			productName = Lululemon;
			productReference = 3A206D982BCD13E600ECBABB /* Lululemon.app */;
			productType = "com.apple.product-type.application";
		};
		3A206DA72BCD13E700ECBABB /* LululemonTests */ = {
			isa = PBXNativeTarget;
			buildConfigurationList = 3A206DBF2BCD13E700ECBABB /* Build configuration list for PBXNativeTarget "LululemonTests" */;
			buildPhases = (
				3A206DA42BCD13E700ECBABB /* Sources */,
				3A206DA52BCD13E700ECBABB /* Frameworks */,
				3A206DA62BCD13E700ECBABB /* Resources */,
			);
			buildRules = (
			);
			dependencies = (
				3A206DAA2BCD13E700ECBABB /* PBXTargetDependency */,
			);
			name = LululemonTests;
			productName = LululemonTests;
			productReference = 3A206DA82BCD13E700ECBABB /* LululemonTests.xctest */;
			productType = "com.apple.product-type.bundle.unit-test";
		};
		3A206DB12BCD13E700ECBABB /* LululemonUITests */ = {
			isa = PBXNativeTarget;
			buildConfigurationList = 3A206DC22BCD13E700ECBABB /* Build configuration list for PBXNativeTarget "LululemonUITests" */;
			buildPhases = (
				3A206DAE2BCD13E700ECBABB /* Sources */,
				3A206DAF2BCD13E700ECBABB /* Frameworks */,
				3A206DB02BCD13E700ECBABB /* Resources */,
			);
			buildRules = (
			);
			dependencies = (
				3A206DB42BCD13E700ECBABB /* PBXTargetDependency */,
			);
			name = LululemonUITests;
			productName = LululemonUITests;
			productReference = 3A206DB22BCD13E700ECBABB /* LululemonUITests.xctest */;
			productType = "com.apple.product-type.bundle.ui-testing";
		};
/* End PBXNativeTarget section */

/* Begin PBXProject section */
		3A206D902BCD13E600ECBABB /* Project object */ = {
			isa = PBXProject;
			attributes = {
				BuildIndependentTargetsInParallel = 1;
				LastSwiftUpdateCheck = 1530;
				LastUpgradeCheck = 1530;
				TargetAttributes = {
					3A206D972BCD13E600ECBABB = {
						CreatedOnToolsVersion = 15.3;
					};
					3A206DA72BCD13E700ECBABB = {
						CreatedOnToolsVersion = 15.3;
						TestTargetID = 3A206D972BCD13E600ECBABB;
					};
					3A206DB12BCD13E700ECBABB = {
						CreatedOnToolsVersion = 15.3;
						TestTargetID = 3A206D972BCD13E600ECBABB;
					};
				};
			};
			buildConfigurationList = 3A206D932BCD13E600ECBABB /* Build configuration list for PBXProject "Lululemon" */;
			compatibilityVersion = "Xcode 14.0";
			developmentRegion = en;
			hasScannedForEncodings = 0;
			knownRegions = (
				en,
				Base,
				"fr-CA",
			);
			mainGroup = 3A206D8F2BCD13E600ECBABB;
			productRefGroup = 3A206D992BCD13E600ECBABB /* Products */;
			projectDirPath = "";
			projectRoot = "";
			targets = (
				3A206D972BCD13E600ECBABB /* Lululemon */,
				3A206DA72BCD13E700ECBABB /* LululemonTests */,
				3A206DB12BCD13E700ECBABB /* LululemonUITests */,
			);
		};
/* End PBXProject section */

/* Begin PBXResourcesBuildPhase section */
		3A206D962BCD13E600ECBABB /* Resources */ = {
			isa = PBXResourcesBuildPhase;
			buildActionMask = 2147483647;
			files = (
				3A5F9E742C166922003DC23B /* README.md in Resources */,
				3A206DA32BCD13E700ECBABB /* Preview Assets.xcassets in Resources */,
				3A5F9E762C16734E003DC23B /* Localizable.xcstrings in Resources */,
				3A206DA02BCD13E700ECBABB /* Assets.xcassets in Resources */,
			);
			runOnlyForDeploymentPostprocessing = 0;
		};
		3A206DA62BCD13E700ECBABB /* Resources */ = {
			isa = PBXResourcesBuildPhase;
			buildActionMask = 2147483647;
			files = (
			);
			runOnlyForDeploymentPostprocessing = 0;
		};
		3A206DB02BCD13E700ECBABB /* Resources */ = {
			isa = PBXResourcesBuildPhase;
			buildActionMask = 2147483647;
			files = (
			);
			runOnlyForDeploymentPostprocessing = 0;
		};
/* End PBXResourcesBuildPhase section */

/* Begin PBXSourcesBuildPhase section */
		3A206D942BCD13E600ECBABB /* Sources */ = {
			isa = PBXSourcesBuildPhase;
			buildActionMask = 2147483647;
			files = (
				3A206D9E2BCD13E600ECBABB /* ContentView.swift in Sources */,
				3A206DCC2BCD149E00ECBABB /* SortOption.swift in Sources */,
				3A206DCF2BCD14B600ECBABB /* Garment.swift in Sources */,
				3A206DCA2BCD143200ECBABB /* ListSortView.swift in Sources */,
				3A206D9C2BCD13E600ECBABB /* LululemonApp.swift in Sources */,
				3A206DC82BCD142D00ECBABB /* AddGarmentView.swift in Sources */,
			);
			runOnlyForDeploymentPostprocessing = 0;
		};
		3A206DA42BCD13E700ECBABB /* Sources */ = {
			isa = PBXSourcesBuildPhase;
			buildActionMask = 2147483647;
			files = (
				3A206DAD2BCD13E700ECBABB /* LululemonTests.swift in Sources */,
			);
			runOnlyForDeploymentPostprocessing = 0;
		};
		3A206DAE2BCD13E700ECBABB /* Sources */ = {
			isa = PBXSourcesBuildPhase;
			buildActionMask = 2147483647;
			files = (
				3A206DB92BCD13E700ECBABB /* LululemonUITestsLaunchTests.swift in Sources */,
				3A206DB72BCD13E700ECBABB /* LululemonUITests.swift in Sources */,
			);
			runOnlyForDeploymentPostprocessing = 0;
		};
/* End PBXSourcesBuildPhase section */

/* Begin PBXTargetDependency section */
		3A206DAA2BCD13E700ECBABB /* PBXTargetDependency */ = {
			isa = PBXTargetDependency;
			target = 3A206D972BCD13E600ECBABB /* Lululemon */;
			targetProxy = 3A206DA92BCD13E700ECBABB /* PBXContainerItemProxy */;
		};
		3A206DB42BCD13E700ECBABB /* PBXTargetDependency */ = {
			isa = PBXTargetDependency;
			target = 3A206D972BCD13E600ECBABB /* Lululemon */;
			targetProxy = 3A206DB32BCD13E700ECBABB /* PBXContainerItemProxy */;
		};
/* End PBXTargetDependency section */

/* Begin XCBuildConfiguration section */
		3A206DBA2BCD13E700ECBABB /* Debug */ = {
			isa = XCBuildConfiguration;
			buildSettings = {
				ALWAYS_SEARCH_USER_PATHS = NO;
				ASSETCATALOG_COMPILER_GENERATE_SWIFT_ASSET_SYMBOL_EXTENSIONS = YES;
				CLANG_ANALYZER_NONNULL = YES;
				CLANG_ANALYZER_NUMBER_OBJECT_CONVERSION = YES_AGGRESSIVE;
				CLANG_CXX_LANGUAGE_STANDARD = "gnu++20";
				CLANG_ENABLE_MODULES = YES;
				CLANG_ENABLE_OBJC_ARC = YES;
				CLANG_ENABLE_OBJC_WEAK = YES;
				CLANG_WARN_BLOCK_CAPTURE_AUTORELEASING = YES;
				CLANG_WARN_BOOL_CONVERSION = YES;
				CLANG_WARN_COMMA = YES;
				CLANG_WARN_CONSTANT_CONVERSION = YES;
				CLANG_WARN_DEPRECATED_OBJC_IMPLEMENTATIONS = YES;
				CLANG_WARN_DIRECT_OBJC_ISA_USAGE = YES_ERROR;
				CLANG_WARN_DOCUMENTATION_COMMENTS = YES;
				CLANG_WARN_EMPTY_BODY = YES;
				CLANG_WARN_ENUM_CONVERSION = YES;
				CLANG_WARN_INFINITE_RECURSION = YES;
				CLANG_WARN_INT_CONVERSION = YES;
				CLANG_WARN_NON_LITERAL_NULL_CONVERSION = YES;
				CLANG_WARN_OBJC_IMPLICIT_RETAIN_SELF = YES;
				CLANG_WARN_OBJC_LITERAL_CONVERSION = YES;
				CLANG_WARN_OBJC_ROOT_CLASS = YES_ERROR;
				CLANG_WARN_QUOTED_INCLUDE_IN_FRAMEWORK_HEADER = YES;
				CLANG_WARN_RANGE_LOOP_ANALYSIS = YES;
				CLANG_WARN_STRICT_PROTOTYPES = YES;
				CLANG_WARN_SUSPICIOUS_MOVE = YES;
				CLANG_WARN_UNGUARDED_AVAILABILITY = YES_AGGRESSIVE;
				CLANG_WARN_UNREACHABLE_CODE = YES;
				CLANG_WARN__DUPLICATE_METHOD_MATCH = YES;
				COPY_PHASE_STRIP = NO;
				DEBUG_INFORMATION_FORMAT = dwarf;
				ENABLE_STRICT_OBJC_MSGSEND = YES;
				ENABLE_TESTABILITY = YES;
				ENABLE_USER_SCRIPT_SANDBOXING = YES;
				GCC_C_LANGUAGE_STANDARD = gnu17;
				GCC_DYNAMIC_NO_PIC = NO;
				GCC_NO_COMMON_BLOCKS = YES;
				GCC_OPTIMIZATION_LEVEL = 0;
				GCC_PREPROCESSOR_DEFINITIONS = (
					"DEBUG=1",
					"$(inherited)",
				);
				GCC_WARN_64_TO_32_BIT_CONVERSION = YES;
				GCC_WARN_ABOUT_RETURN_TYPE = YES_ERROR;
				GCC_WARN_UNDECLARED_SELECTOR = YES;
				GCC_WARN_UNINITIALIZED_AUTOS = YES_AGGRESSIVE;
				GCC_WARN_UNUSED_FUNCTION = YES;
				GCC_WARN_UNUSED_VARIABLE = YES;
				IPHONEOS_DEPLOYMENT_TARGET = 17.5;
				LOCALIZATION_PREFERS_STRING_CATALOGS = YES;
				MTL_ENABLE_DEBUG_INFO = INCLUDE_SOURCE;
				MTL_FAST_MATH = YES;
				ONLY_ACTIVE_ARCH = YES;
				SDKROOT = iphoneos;
				SWIFT_ACTIVE_COMPILATION_CONDITIONS = "DEBUG $(inherited)";
				SWIFT_OPTIMIZATION_LEVEL = "-Onone";
			};
			name = Debug;
		};
		3A206DBB2BCD13E700ECBABB /* Release */ = {
			isa = XCBuildConfiguration;
			buildSettings = {
				ALWAYS_SEARCH_USER_PATHS = NO;
				ASSETCATALOG_COMPILER_GENERATE_SWIFT_ASSET_SYMBOL_EXTENSIONS = YES;
				CLANG_ANALYZER_NONNULL = YES;
				CLANG_ANALYZER_NUMBER_OBJECT_CONVERSION = YES_AGGRESSIVE;
				CLANG_CXX_LANGUAGE_STANDARD = "gnu++20";
				CLANG_ENABLE_MODULES = YES;
				CLANG_ENABLE_OBJC_ARC = YES;
				CLANG_ENABLE_OBJC_WEAK = YES;
				CLANG_WARN_BLOCK_CAPTURE_AUTORELEASING = YES;
				CLANG_WARN_BOOL_CONVERSION = YES;
				CLANG_WARN_COMMA = YES;
				CLANG_WARN_CONSTANT_CONVERSION = YES;
				CLANG_WARN_DEPRECATED_OBJC_IMPLEMENTATIONS = YES;
				CLANG_WARN_DIRECT_OBJC_ISA_USAGE = YES_ERROR;
				CLANG_WARN_DOCUMENTATION_COMMENTS = YES;
				CLANG_WARN_EMPTY_BODY = YES;
				CLANG_WARN_ENUM_CONVERSION = YES;
				CLANG_WARN_INFINITE_RECURSION = YES;
				CLANG_WARN_INT_CONVERSION = YES;
				CLANG_WARN_NON_LITERAL_NULL_CONVERSION = YES;
				CLANG_WARN_OBJC_IMPLICIT_RETAIN_SELF = YES;
				CLANG_WARN_OBJC_LITERAL_CONVERSION = YES;
				CLANG_WARN_OBJC_ROOT_CLASS = YES_ERROR;
				CLANG_WARN_QUOTED_INCLUDE_IN_FRAMEWORK_HEADER = YES;
				CLANG_WARN_RANGE_LOOP_ANALYSIS = YES;
				CLANG_WARN_STRICT_PROTOTYPES = YES;
				CLANG_WARN_SUSPICIOUS_MOVE = YES;
				CLANG_WARN_UNGUARDED_AVAILABILITY = YES_AGGRESSIVE;
				CLANG_WARN_UNREACHABLE_CODE = YES;
				CLANG_WARN__DUPLICATE_METHOD_MATCH = YES;
				COPY_PHASE_STRIP = NO;
				DEBUG_INFORMATION_FORMAT = "dwarf-with-dsym";
				ENABLE_NS_ASSERTIONS = NO;
				ENABLE_STRICT_OBJC_MSGSEND = YES;
				ENABLE_USER_SCRIPT_SANDBOXING = YES;
				GCC_C_LANGUAGE_STANDARD = gnu17;
				GCC_NO_COMMON_BLOCKS = YES;
				GCC_WARN_64_TO_32_BIT_CONVERSION = YES;
				GCC_WARN_ABOUT_RETURN_TYPE = YES_ERROR;
				GCC_WARN_UNDECLARED_SELECTOR = YES;
				GCC_WARN_UNINITIALIZED_AUTOS = YES_AGGRESSIVE;
				GCC_WARN_UNUSED_FUNCTION = YES;
				GCC_WARN_UNUSED_VARIABLE = YES;
				IPHONEOS_DEPLOYMENT_TARGET = 17.5;
				LOCALIZATION_PREFERS_STRING_CATALOGS = YES;
				MTL_ENABLE_DEBUG_INFO = NO;
				MTL_FAST_MATH = YES;
				SDKROOT = iphoneos;
				SWIFT_COMPILATION_MODE = wholemodule;
				VALIDATE_PRODUCT = YES;
			};
			name = Release;
		};
		3A206DBD2BCD13E700ECBABB /* Debug */ = {
			isa = XCBuildConfiguration;
			buildSettings = {
				ASSETCATALOG_COMPILER_APPICON_NAME = AppIcon;
				ASSETCATALOG_COMPILER_GLOBAL_ACCENT_COLOR_NAME = AccentColor;
				CODE_SIGN_STYLE = Automatic;
				CURRENT_PROJECT_VERSION = 1;
				DEVELOPMENT_ASSET_PATHS = "\"Lululemon/Preview Content\"";
				DEVELOPMENT_TEAM = 8N2TVY9NM7;
				ENABLE_PREVIEWS = YES;
				GENERATE_INFOPLIST_FILE = YES;
				INFOPLIST_KEY_UIApplicationSceneManifest_Generation = YES;
				INFOPLIST_KEY_UIApplicationSupportsIndirectInputEvents = YES;
				INFOPLIST_KEY_UILaunchScreen_Generation = YES;
				INFOPLIST_KEY_UISupportedInterfaceOrientations = UIInterfaceOrientationPortrait;
				IPHONEOS_DEPLOYMENT_TARGET = 17.5;
				LD_RUNPATH_SEARCH_PATHS = (
					"$(inherited)",
					"@executable_path/Frameworks",
				);
				MARKETING_VERSION = 1.0;
				PRODUCT_BUNDLE_IDENTIFIER = com.marlhex.Lululemon;
				PRODUCT_NAME = "$(TARGET_NAME)";
				SWIFT_EMIT_LOC_STRINGS = YES;
				SWIFT_VERSION = 5.0;
				TARGETED_DEVICE_FAMILY = "1,2";
			};
			name = Debug;
		};
		3A206DBE2BCD13E700ECBABB /* Release */ = {
			isa = XCBuildConfiguration;
			buildSettings = {
				ASSETCATALOG_COMPILER_APPICON_NAME = AppIcon;
				ASSETCATALOG_COMPILER_GLOBAL_ACCENT_COLOR_NAME = AccentColor;
				CODE_SIGN_STYLE = Automatic;
				CURRENT_PROJECT_VERSION = 1;
				DEVELOPMENT_ASSET_PATHS = "\"Lululemon/Preview Content\"";
				DEVELOPMENT_TEAM = 8N2TVY9NM7;
				ENABLE_PREVIEWS = YES;
				GENERATE_INFOPLIST_FILE = YES;
				INFOPLIST_KEY_UIApplicationSceneManifest_Generation = YES;
				INFOPLIST_KEY_UIApplicationSupportsIndirectInputEvents = YES;
				INFOPLIST_KEY_UILaunchScreen_Generation = YES;
				INFOPLIST_KEY_UISupportedInterfaceOrientations = UIInterfaceOrientationPortrait;
				IPHONEOS_DEPLOYMENT_TARGET = 17.5;
				LD_RUNPATH_SEARCH_PATHS = (
					"$(inherited)",
					"@executable_path/Frameworks",
				);
				MARKETING_VERSION = 1.0;
				PRODUCT_BUNDLE_IDENTIFIER = com.marlhex.Lululemon;
				PRODUCT_NAME = "$(TARGET_NAME)";
				SWIFT_EMIT_LOC_STRINGS = YES;
				SWIFT_VERSION = 5.0;
				TARGETED_DEVICE_FAMILY = "1,2";
			};
			name = Release;
		};
		3A206DC02BCD13E700ECBABB /* Debug */ = {
			isa = XCBuildConfiguration;
			buildSettings = {
				ALWAYS_EMBED_SWIFT_STANDARD_LIBRARIES = YES;
				BUNDLE_LOADER = "$(TEST_HOST)";
				CODE_SIGN_STYLE = Automatic;
				CURRENT_PROJECT_VERSION = 1;
				DEVELOPMENT_TEAM = 8N2TVY9NM7;
				GENERATE_INFOPLIST_FILE = YES;
				IPHONEOS_DEPLOYMENT_TARGET = 17.5;
				MARKETING_VERSION = 1.0;
				PRODUCT_BUNDLE_IDENTIFIER = com.marlhex.LululemonTests;
				PRODUCT_NAME = "$(TARGET_NAME)";
				SWIFT_EMIT_LOC_STRINGS = NO;
				SWIFT_VERSION = 5.0;
				TARGETED_DEVICE_FAMILY = "1,2";
				TEST_HOST = "$(BUILT_PRODUCTS_DIR)/Lululemon.app/$(BUNDLE_EXECUTABLE_FOLDER_PATH)/Lululemon";
			};
			name = Debug;
		};
		3A206DC12BCD13E700ECBABB /* Release */ = {
			isa = XCBuildConfiguration;
			buildSettings = {
				ALWAYS_EMBED_SWIFT_STANDARD_LIBRARIES = YES;
				BUNDLE_LOADER = "$(TEST_HOST)";
				CODE_SIGN_STYLE = Automatic;
				CURRENT_PROJECT_VERSION = 1;
				DEVELOPMENT_TEAM = 8N2TVY9NM7;
				GENERATE_INFOPLIST_FILE = YES;
				IPHONEOS_DEPLOYMENT_TARGET = 17.5;
				MARKETING_VERSION = 1.0;
				PRODUCT_BUNDLE_IDENTIFIER = com.marlhex.LululemonTests;
				PRODUCT_NAME = "$(TARGET_NAME)";
				SWIFT_EMIT_LOC_STRINGS = NO;
				SWIFT_VERSION = 5.0;
				TARGETED_DEVICE_FAMILY = "1,2";
				TEST_HOST = "$(BUILT_PRODUCTS_DIR)/Lululemon.app/$(BUNDLE_EXECUTABLE_FOLDER_PATH)/Lululemon";
			};
			name = Release;
		};
		3A206DC32BCD13E700ECBABB /* Debug */ = {
			isa = XCBuildConfiguration;
			buildSettings = {
				ALWAYS_EMBED_SWIFT_STANDARD_LIBRARIES = YES;
				CODE_SIGN_STYLE = Automatic;
				CURRENT_PROJECT_VERSION = 1;
				DEVELOPMENT_TEAM = 8N2TVY9NM7;
				GENERATE_INFOPLIST_FILE = YES;
				MARKETING_VERSION = 1.0;
				PRODUCT_BUNDLE_IDENTIFIER = com.marlhex.LululemonUITests;
				PRODUCT_NAME = "$(TARGET_NAME)";
				SWIFT_EMIT_LOC_STRINGS = NO;
				SWIFT_VERSION = 5.0;
				TARGETED_DEVICE_FAMILY = "1,2";
				TEST_TARGET_NAME = Lululemon;
			};
			name = Debug;
		};
		3A206DC42BCD13E700ECBABB /* Release */ = {
			isa = XCBuildConfiguration;
			buildSettings = {
				ALWAYS_EMBED_SWIFT_STANDARD_LIBRARIES = YES;
				CODE_SIGN_STYLE = Automatic;
				CURRENT_PROJECT_VERSION = 1;
				DEVELOPMENT_TEAM = 8N2TVY9NM7;
				GENERATE_INFOPLIST_FILE = YES;
				MARKETING_VERSION = 1.0;
				PRODUCT_BUNDLE_IDENTIFIER = com.marlhex.LululemonUITests;
				PRODUCT_NAME = "$(TARGET_NAME)";
				SWIFT_EMIT_LOC_STRINGS = NO;
				SWIFT_VERSION = 5.0;
				TARGETED_DEVICE_FAMILY = "1,2";
				TEST_TARGET_NAME = Lululemon;
			};
			name = Release;
		};
/* End XCBuildConfiguration section */

/* Begin XCConfigurationList section */
		3A206D932BCD13E600ECBABB /* Build configuration list for PBXProject "Lululemon" */ = {
			isa = XCConfigurationList;
			buildConfigurations = (
				3A206DBA2BCD13E700ECBABB /* Debug */,
				3A206DBB2BCD13E700ECBABB /* Release */,
			);
			defaultConfigurationIsVisible = 0;
			defaultConfigurationName = Release;
		};
		3A206DBC2BCD13E700ECBABB /* Build configuration list for PBXNativeTarget "Lululemon" */ = {
			isa = XCConfigurationList;
			buildConfigurations = (
				3A206DBD2BCD13E700ECBABB /* Debug */,
				3A206DBE2BCD13E700ECBABB /* Release */,
			);
			defaultConfigurationIsVisible = 0;
			defaultConfigurationName = Release;
		};
		3A206DBF2BCD13E700ECBABB /* Build configuration list for PBXNativeTarget "LululemonTests" */ = {
			isa = XCConfigurationList;
			buildConfigurations = (
				3A206DC02BCD13E700ECBABB /* Debug */,
				3A206DC12BCD13E700ECBABB /* Release */,
			);
			defaultConfigurationIsVisible = 0;
			defaultConfigurationName = Release;
		};
		3A206DC22BCD13E700ECBABB /* Build configuration list for PBXNativeTarget "LululemonUITests" */ = {
			isa = XCConfigurationList;
			buildConfigurations = (
				3A206DC32BCD13E700ECBABB /* Debug */,
				3A206DC42BCD13E700ECBABB /* Release */,
			);
			defaultConfigurationIsVisible = 0;
			defaultConfigurationName = Release;
		};
/* End XCConfigurationList section */
	};
	rootObject = 3A206D902BCD13E600ECBABB /* Project object */;
}
